
Microsoft Visual Studio Solution File, Format Version 12.00
# Visual Studio 14
VisualStudioVersion = 14.0.23107.0
MinimumVisualStudioVersion = 10.0.40219.1
Project("{FAE04EC0-301F-11D3-BF4B-00C04F79EFBC}") = "OverSeer", "OverSeer\OverSeer.csproj", "{E54848FF-E43F-4B37-843C-0CFCB3685D2E}"
EndProject
Project("{F2A71F9B-5D33-465A-A702-920D77279786}") = "OverSeer.Servers", "OverSeer.Servers\OverSeer.Servers.fsproj", "{6A021A5D-2F12-42FE-9760-5A1588AA0198}"
EndProject
Global
	GlobalSection(SolutionConfigurationPlatforms) = preSolution
		Debug|Any CPU = Debug|Any CPU
		Release|Any CPU = Release|Any CPU
	EndGlobalSection
	GlobalSection(ProjectConfigurationPlatforms) = postSolution
		{E54848FF-E43F-4B37-843C-0CFCB3685D2E}.Debug|Any CPU.ActiveCfg = Debug|Any CPU
		{E54848FF-E43F-4B37-843C-0CFCB3685D2E}.Debug|Any CPU.Build.0 = Debug|Any CPU
		{E54848FF-E43F-4B37-843C-0CFCB3685D2E}.Release|Any CPU.ActiveCfg = Release|Any CPU
		{E54848FF-E43F-4B37-843C-0CFCB3685D2E}.Release|Any CPU.Build.0 = Release|Any CPU
		{6A021A5D-2F12-42FE-9760-5A1588AA0198}.Debug|Any CPU.ActiveCfg = Debug|Any CPU
		{6A021A5D-2F12-42FE-9760-5A1588AA0198}.Debug|Any CPU.Build.0 = Debug|Any CPU
		{6A021A5D-2F12-42FE-9760-5A1588AA0198}.Release|Any CPU.ActiveCfg = Release|Any CPU
		{6A021A5D-2F12-42FE-9760-5A1588AA0198}.Release|Any CPU.Build.0 = Release|Any CPU
	EndGlobalSection
	GlobalSection(SolutionProperties) = preSolution
		HideSolutionNode = FALSE
	EndGlobalSection
EndGlobal
